
Microsoft Visual Studio Solution File, Format Version 12.00
# Visual Studio Version 16
VisualStudioVersion = 16.0.30517.126
MinimumVisualStudioVersion = 15.0.26124.0
Project("{9A19103F-16F7-4668-BE54-9A1E7A4F7556}") = "Gadget.Inspector", "Gadget.Inspector\Gadget.Inspector.csproj", "{5D02AC72-0C1F-4E3C-A4BF-5C845E6344A2}"
EndProject
Project("{9A19103F-16F7-4668-BE54-9A1E7A4F7556}") = "Gadget.Server", "Gadget.Server\Gadget.Server.csproj", "{45CC9A4E-17C7-4358-9396-43370C080FFC}"
EndProject
Project("{9A19103F-16F7-4668-BE54-9A1E7A4F7556}") = "Gadget.Messaging", "Gadget.Messaging\Gadget.Messaging.csproj", "{9361C0F9-E4D5-440C-BBA2-B1626931E902}"
EndProject
Project("{FAE04EC0-301F-11D3-BF4B-00C04F79EFBC}") = "Gadget.Notifications", "Gadget.Notifications\Gadget.Notifications.csproj", "{AEFB9364-F127-488E-BD98-E4021708250E}"
EndProject
Project("{FAE04EC0-301F-11D3-BF4B-00C04F79EFBC}") = "Gadget.Console.Debug", "Gadget.Console.Debug\Gadget.Console.Debug.csproj", "{96EE501A-021C-4239-A9F9-E919E8763041}"
EndProject
Project("{2150E333-8FDC-42A3-9474-1A3956D46DE8}") = "src", "src", "{60230D37-A210-45EF-A9A5-CDE60C27FA0B}"
EndProject
Project("{2150E333-8FDC-42A3-9474-1A3956D46DE8}") = "scripts", "scripts", "{EB91A8BE-19E8-4F7B-BB4F-3F8592A5BBE8}"
EndProject
Project("{2150E333-8FDC-42A3-9474-1A3956D46DE8}") = "Inspector", "Inspector", "{69AF5816-0394-46FC-9AC3-1E8D844560ED}"
EndProject
Global
	GlobalSection(SolutionConfigurationPlatforms) = preSolution
		Debug|Any CPU = Debug|Any CPU
		Debug|x64 = Debug|x64
		Debug|x86 = Debug|x86
		Release|Any CPU = Release|Any CPU
		Release|x64 = Release|x64
		Release|x86 = Release|x86
	EndGlobalSection
	GlobalSection(ProjectConfigurationPlatforms) = postSolution
		{5D02AC72-0C1F-4E3C-A4BF-5C845E6344A2}.Debug|Any CPU.ActiveCfg = Debug|Any CPU
		{5D02AC72-0C1F-4E3C-A4BF-5C845E6344A2}.Debug|Any CPU.Build.0 = Debug|Any CPU
		{5D02AC72-0C1F-4E3C-A4BF-5C845E6344A2}.Debug|x64.ActiveCfg = Debug|Any CPU
		{5D02AC72-0C1F-4E3C-A4BF-5C845E6344A2}.Debug|x64.Build.0 = Debug|Any CPU
		{5D02AC72-0C1F-4E3C-A4BF-5C845E6344A2}.Debug|x86.ActiveCfg = Debug|Any CPU
		{5D02AC72-0C1F-4E3C-A4BF-5C845E6344A2}.Debug|x86.Build.0 = Debug|Any CPU
		{5D02AC72-0C1F-4E3C-A4BF-5C845E6344A2}.Release|Any CPU.ActiveCfg = Release|Any CPU
		{5D02AC72-0C1F-4E3C-A4BF-5C845E6344A2}.Release|Any CPU.Build.0 = Release|Any CPU
		{5D02AC72-0C1F-4E3C-A4BF-5C845E6344A2}.Release|x64.ActiveCfg = Release|Any CPU
		{5D02AC72-0C1F-4E3C-A4BF-5C845E6344A2}.Release|x64.Build.0 = Release|Any CPU
		{5D02AC72-0C1F-4E3C-A4BF-5C845E6344A2}.Release|x86.ActiveCfg = Release|Any CPU
		{5D02AC72-0C1F-4E3C-A4BF-5C845E6344A2}.Release|x86.Build.0 = Release|Any CPU
		{45CC9A4E-17C7-4358-9396-43370C080FFC}.Debug|Any CPU.ActiveCfg = Debug|Any CPU
		{45CC9A4E-17C7-4358-9396-43370C080FFC}.Debug|Any CPU.Build.0 = Debug|Any CPU
		{45CC9A4E-17C7-4358-9396-43370C080FFC}.Debug|x64.ActiveCfg = Debug|Any CPU
		{45CC9A4E-17C7-4358-9396-43370C080FFC}.Debug|x64.Build.0 = Debug|Any CPU
		{45CC9A4E-17C7-4358-9396-43370C080FFC}.Debug|x86.ActiveCfg = Debug|Any CPU
		{45CC9A4E-17C7-4358-9396-43370C080FFC}.Debug|x86.Build.0 = Debug|Any CPU
		{45CC9A4E-17C7-4358-9396-43370C080FFC}.Release|Any CPU.ActiveCfg = Release|Any CPU
		{45CC9A4E-17C7-4358-9396-43370C080FFC}.Release|Any CPU.Build.0 = Release|Any CPU
		{45CC9A4E-17C7-4358-9396-43370C080FFC}.Release|x64.ActiveCfg = Release|Any CPU
		{45CC9A4E-17C7-4358-9396-43370C080FFC}.Release|x64.Build.0 = Release|Any CPU
		{45CC9A4E-17C7-4358-9396-43370C080FFC}.Release|x86.ActiveCfg = Release|Any CPU
		{45CC9A4E-17C7-4358-9396-43370C080FFC}.Release|x86.Build.0 = Release|Any CPU
		{9361C0F9-E4D5-440C-BBA2-B1626931E902}.Debug|Any CPU.ActiveCfg = Debug|Any CPU
		{9361C0F9-E4D5-440C-BBA2-B1626931E902}.Debug|Any CPU.Build.0 = Debug|Any CPU
		{9361C0F9-E4D5-440C-BBA2-B1626931E902}.Debug|x64.ActiveCfg = Debug|Any CPU
		{9361C0F9-E4D5-440C-BBA2-B1626931E902}.Debug|x64.Build.0 = Debug|Any CPU
		{9361C0F9-E4D5-440C-BBA2-B1626931E902}.Debug|x86.ActiveCfg = Debug|Any CPU
		{9361C0F9-E4D5-440C-BBA2-B1626931E902}.Debug|x86.Build.0 = Debug|Any CPU
		{9361C0F9-E4D5-440C-BBA2-B1626931E902}.Release|Any CPU.ActiveCfg = Release|Any CPU
		{9361C0F9-E4D5-440C-BBA2-B1626931E902}.Release|Any CPU.Build.0 = Release|Any CPU
		{9361C0F9-E4D5-440C-BBA2-B1626931E902}.Release|x64.ActiveCfg = Release|Any CPU
		{9361C0F9-E4D5-440C-BBA2-B1626931E902}.Release|x64.Build.0 = Release|Any CPU
		{9361C0F9-E4D5-440C-BBA2-B1626931E902}.Release|x86.ActiveCfg = Release|Any CPU
		{9361C0F9-E4D5-440C-BBA2-B1626931E902}.Release|x86.Build.0 = Release|Any CPU
		{AEFB9364-F127-488E-BD98-E4021708250E}.Debug|Any CPU.ActiveCfg = Debug|Any CPU
		{AEFB9364-F127-488E-BD98-E4021708250E}.Debug|Any CPU.Build.0 = Debug|Any CPU
		{AEFB9364-F127-488E-BD98-E4021708250E}.Debug|x64.ActiveCfg = Debug|Any CPU
		{AEFB9364-F127-488E-BD98-E4021708250E}.Debug|x64.Build.0 = Debug|Any CPU
		{AEFB9364-F127-488E-BD98-E4021708250E}.Debug|x86.ActiveCfg = Debug|Any CPU
		{AEFB9364-F127-488E-BD98-E4021708250E}.Debug|x86.Build.0 = Debug|Any CPU
		{AEFB9364-F127-488E-BD98-E4021708250E}.Release|Any CPU.ActiveCfg = Release|Any CPU
		{AEFB9364-F127-488E-BD98-E4021708250E}.Release|Any CPU.Build.0 = Release|Any CPU
		{AEFB9364-F127-488E-BD98-E4021708250E}.Release|x64.ActiveCfg = Release|Any CPU
		{AEFB9364-F127-488E-BD98-E4021708250E}.Release|x64.Build.0 = Release|Any CPU
		{AEFB9364-F127-488E-BD98-E4021708250E}.Release|x86.ActiveCfg = Release|Any CPU
		{AEFB9364-F127-488E-BD98-E4021708250E}.Release|x86.Build.0 = Release|Any CPU
		{96EE501A-021C-4239-A9F9-E919E8763041}.Debug|Any CPU.ActiveCfg = Debug|Any CPU
		{96EE501A-021C-4239-A9F9-E919E8763041}.Debug|Any CPU.Build.0 = Debug|Any CPU
		{96EE501A-021C-4239-A9F9-E919E8763041}.Debug|x64.ActiveCfg = Debug|Any CPU
		{96EE501A-021C-4239-A9F9-E919E8763041}.Debug|x64.Build.0 = Debug|Any CPU
		{96EE501A-021C-4239-A9F9-E919E8763041}.Debug|x86.ActiveCfg = Debug|Any CPU
		{96EE501A-021C-4239-A9F9-E919E8763041}.Debug|x86.Build.0 = Debug|Any CPU
		{96EE501A-021C-4239-A9F9-E919E8763041}.Release|Any CPU.ActiveCfg = Release|Any CPU
		{96EE501A-021C-4239-A9F9-E919E8763041}.Release|Any CPU.Build.0 = Release|Any CPU
		{96EE501A-021C-4239-A9F9-E919E8763041}.Release|x64.ActiveCfg = Release|Any CPU
		{96EE501A-021C-4239-A9F9-E919E8763041}.Release|x64.Build.0 = Release|Any CPU
		{96EE501A-021C-4239-A9F9-E919E8763041}.Release|x86.ActiveCfg = Release|Any CPU
		{96EE501A-021C-4239-A9F9-E919E8763041}.Release|x86.Build.0 = Release|Any CPU
	EndGlobalSection
	GlobalSection(SolutionProperties) = preSolution
		HideSolutionNode = FALSE
	EndGlobalSection
	GlobalSection(ExtensibilityGlobals) = postSolution
		SolutionGuid = {FA2C92DD-1EE8-439B-959A-F80B8A3AE889}
	EndGlobalSection
	GlobalSection(NestedProjects) = preSolution
		{5D02AC72-0C1F-4E3C-A4BF-5C845E6344A2} = {60230D37-A210-45EF-A9A5-CDE60C27FA0B}
		{45CC9A4E-17C7-4358-9396-43370C080FFC} = {60230D37-A210-45EF-A9A5-CDE60C27FA0B}
		{9361C0F9-E4D5-440C-BBA2-B1626931E902} = {60230D37-A210-45EF-A9A5-CDE60C27FA0B}
		{AEFB9364-F127-488E-BD98-E4021708250E} = {60230D37-A210-45EF-A9A5-CDE60C27FA0B}
		{96EE501A-021C-4239-A9F9-E919E8763041} = {60230D37-A210-45EF-A9A5-CDE60C27FA0B}
		{69AF5816-0394-46FC-9AC3-1E8D844560ED} = {EB91A8BE-19E8-4F7B-BB4F-3F8592A5BBE8}
	EndGlobalSection
EndGlobal
